lockfileVersion: '6.0'

settings:
  autoInstallPeers: true
  excludeLinksFromLockfile: false

dependencies:
  '@fastify/compress':
    specifier: ^6.4.0
    version: 6.4.0
  '@fastify/env':
    specifier: ^4.2.0
    version: 4.2.0
  '@fastify/etag':
    specifier: ^4.2.0
    version: 4.2.0
  '@fastify/static':
    specifier: ^6.10.2
    version: 6.10.2
  '@fastify/view':
    specifier: ^8.0.0
    version: 8.0.0
  eta:
    specifier: ^3.1.1
    version: 3.1.1
  fastify:
    specifier: ^4.21.0
    version: 4.21.0
  fastify-minify:
    specifier: ^1.2.0
    version: 1.2.0
  node-html-parser:
    specifier: ^6.1.6
    version: 6.1.6
  zod:
    specifier: ^3.22.2
    version: 3.22.2

devDependencies:
  '@faker-js/faker':
    specifier: ^8.0.2
    version: 8.0.2
  '@types/node':
    specifier: ^20.5.6
    version: 20.5.6
  pino-pretty:
    specifier: ^10.2.0
    version: 10.2.0
  typescript:
    specifier: ^5.2.2
    version: 5.2.2

packages:

  /@faker-js/faker@8.0.2:
    resolution: {integrity: sha512-Uo3pGspElQW91PCvKSIAXoEgAUlRnH29sX2/p89kg7sP1m2PzCufHINd0FhTXQf6DYGiUlVncdSPa2F9wxed2A==}
    engines: {node: ^14.17.0 || ^16.13.0 || >=18.0.0, npm: '>=6.14.13'}
    dev: true

  /@fastify/accept-negotiator@1.1.0:
    resolution: {integrity: sha512-OIHZrb2ImZ7XG85HXOONLcJWGosv7sIvM2ifAPQVhg9Lv7qdmMBNVaai4QTdyuaqbKM5eO6sLSQOYI7wEQeCJQ==}
    engines: {node: '>=14'}
    dev: false

  /@fastify/ajv-compiler@3.5.0:
    resolution: {integrity: sha512-ebbEtlI7dxXF5ziNdr05mOY8NnDiPB1XvAlLHctRt/Rc+C3LCOVW5imUVX+mhvUhnNzmPBHewUkOFgGlCxgdAA==}
    dependencies:
      ajv: 8.12.0
      ajv-formats: 2.1.1(ajv@8.12.0)
      fast-uri: 2.2.0
    dev: false

  /@fastify/compress@6.4.0:
    resolution: {integrity: sha512-9zsljrMmv1mf/r+a+tQQbNJz6++jzsTUVGtJxNKnhd9LXNJNGwTJ3bndkcpJYiG/AoWHwsHGYjB13JnQhR/yNw==}
    dependencies:
      '@fastify/accept-negotiator': 1.1.0
      fastify-plugin: 4.5.1
      into-stream: 6.0.0
      mime-db: 1.52.0
      minipass: 6.0.2
      peek-stream: 1.1.3
      pump: 3.0.0
      pumpify: 2.0.1
    dev: false

  /@fastify/deepmerge@1.3.0:
    resolution: {integrity: sha512-J8TOSBq3SoZbDhM9+R/u77hP93gz/rajSA+K2kGyijPpORPWUXHUpTaleoj+92As0S9uPRP7Oi8IqMf0u+ro6A==}
    dev: false

  /@fastify/env@4.2.0:
    resolution: {integrity: sha512-sj1ehQZPD6tty+6bhzZw1uS2K2s6eOB46maJ2fE+AuTYxdHKVVW/AHXqCYGu3nH9kgzdXsheu3/148ZoBeoQOw==}
    dependencies:
      env-schema: 5.2.0
      fastify-plugin: 4.5.1
    dev: false

  /@fastify/error@3.3.0:
    resolution: {integrity: sha512-dj7vjIn1Ar8sVXj2yAXiMNCJDmS9MQ9XMlIecX2dIzzhjSHCyKo4DdXjXMs7wKW2kj6yvVRSpuQjOZ3YLrh56w==}
    dev: false

  /@fastify/etag@4.2.0:
    resolution: {integrity: sha512-stvRYricpLAAcDsLFi6gUvFtU8sK+EnygajcgAVhvjw4MabTINNIuh35wu3r4x5JmfD1unh4YCQAFPK2H9vuVQ==}
    dependencies:
      fastify-plugin: 4.5.1
    dev: false

  /@fastify/fast-json-stringify-compiler@4.3.0:
    resolution: {integrity: sha512-aZAXGYo6m22Fk1zZzEUKBvut/CIIQe/BapEORnxiD5Qr0kPHqqI69NtEMCme74h+at72sPhbkb4ZrLd1W3KRLA==}
    dependencies:
      fast-json-stringify: 5.8.0
    dev: false

  /@fastify/send@2.1.0:
    resolution: {integrity: sha512-yNYiY6sDkexoJR0D8IDy3aRP3+L4wdqCpvx5WP+VtEU58sn7USmKynBzDQex5X42Zzvw2gNzzYgP90UfWShLFA==}
    dependencies:
      '@lukeed/ms': 2.0.1
      escape-html: 1.0.3
      fast-decode-uri-component: 1.0.1
      http-errors: 2.0.0
      mime: 3.0.0
    dev: false

  /@fastify/static@6.10.2:
    resolution: {integrity: sha512-UoaMvIHSBLCZBYOVZwFRYqX2ufUhd7FFMYGDeSf0Z+D8jhYtwljjmuQGuanUP8kS4y/ZEV1a8mfLha3zNwsnnQ==}
    dependencies:
      '@fastify/accept-negotiator': 1.1.0
      '@fastify/send': 2.1.0
      content-disposition: 0.5.4
      fastify-plugin: 4.5.1
      glob: 8.1.0
      p-limit: 3.1.0
      readable-stream: 4.4.2
    dev: false

  /@fastify/view@8.0.0:
    resolution: {integrity: sha512-XfAffgqRj+AtEtkZeAAkMwTtu32Ve6xWkhxWQ9JOwXm2qQM6Fj+xphxnLvqpvQ0hJAYFYGiTOpB5ZS2VI5u00Q==}
    dependencies:
      fastify-plugin: 4.5.1
      hashlru: 2.3.0
    dev: false

  /@jridgewell/gen-mapping@0.3.3:
    resolution: {integrity: sha512-HLhSWOLRi875zjjMG/r+Nv0oCW8umGb0BgEhyX3dDX3egwZtB8PqLnjz3yedt8R5StBrzcg4aBpnh8UA9D1BoQ==}
    engines: {node: '>=6.0.0'}
    dependencies:
      '@jridgewell/set-array': 1.1.2
      '@jridgewell/sourcemap-codec': 1.4.15
      '@jridgewell/trace-mapping': 0.3.19
    dev: false

  /@jridgewell/resolve-uri@3.1.1:
    resolution: {integrity: sha512-dSYZh7HhCDtCKm4QakX0xFpsRDqjjtZf/kjI/v3T3Nwt5r8/qz/M19F9ySyOqU94SXBmeG9ttTul+YnR4LOxFA==}
    engines: {node: '>=6.0.0'}
    dev: false

  /@jridgewell/set-array@1.1.2:
    resolution: {integrity: sha512-xnkseuNADM0gt2bs+BvhO0p78Mk762YnZdsuzFV018NoG1Sj1SCQvpSqa7XUaTam5vAGasABV9qXASMKnFMwMw==}
    engines: {node: '>=6.0.0'}
    dev: false

  /@jridgewell/source-map@0.3.5:
    resolution: {integrity: sha512-UTYAUj/wviwdsMfzoSJspJxbkH5o1snzwX0//0ENX1u/55kkZZkcTZP6u9bwKGkv+dkk9at4m1Cpt0uY80kcpQ==}
    dependencies:
      '@jridgewell/gen-mapping': 0.3.3
      '@jridgewell/trace-mapping': 0.3.19
    dev: false

  /@jridgewell/sourcemap-codec@1.4.15:
    resolution: {integrity: sha512-eF2rxCRulEKXHTRiDrDy6erMYWqNw4LPdQ8UQA4huuxaQsVeRPFl2oM8oDGxMFhJUWZf9McpLtJasDDZb/Bpeg==}
    dev: false

  /@jridgewell/trace-mapping@0.3.19:
    resolution: {integrity: sha512-kf37QtfW+Hwx/buWGMPcR60iF9ziHa6r/CZJIHbmcm4+0qrXiVdxegAH0F6yddEVQ7zdkjcGCgCzUu+BcbhQxw==}
    dependencies:
      '@jridgewell/resolve-uri': 3.1.1
      '@jridgewell/sourcemap-codec': 1.4.15
    dev: false

  /@lukeed/ms@2.0.1:
    resolution: {integrity: sha512-Xs/4RZltsAL7pkvaNStUQt7netTkyxrS0K+RILcVr3TRMS/ToOg4I6uNfhB9SlGsnWBym4U+EaXq0f0cEMNkHA==}
    engines: {node: '>=8'}
    dev: false

  /@types/node@20.5.6:
    resolution: {integrity: sha512-Gi5wRGPbbyOTX+4Y2iULQ27oUPrefaB0PxGQJnfyWN3kvEDGM3mIB5M/gQLmitZf7A9FmLeaqxD3L1CXpm3VKQ==}
    dev: true

  /abort-controller@3.0.0:
    resolution: {integrity: sha512-h8lQ8tacZYnR3vNQTgibj+tODHI5/+l06Au2Pcriv/Gmet0eaj4TwWH41sO9wnHDiQsEj19q0drzdWdeAHtweg==}
    engines: {node: '>=6.5'}
    dependencies:
      event-target-shim: 5.0.1

  /abstract-logging@2.0.1:
    resolution: {integrity: sha512-2BjRTZxTPvheOvGbBslFSYOUkr+SjPtOnrLP33f+VIWLzezQpZcqVg7ja3L4dBXmzzgwT+a029jRx5PCi3JuiA==}
    dev: false

  /acorn@8.10.0:
    resolution: {integrity: sha512-F0SAmZ8iUtS//m8DmCTA0jlh6TDKkHQyK6xc6V4KDTyZKA9dnvX9/3sRTVQrWm79glUAZbnmmNcdYwUIHWVybw==}
    engines: {node: '>=0.4.0'}
    hasBin: true
    dev: false

  /ajv-formats@2.1.1(ajv@8.12.0):
    resolution: {integrity: sha512-Wx0Kx52hxE7C18hkMEggYlEifqWZtYaRgouJor+WMdPnQyEK13vgEWyVNup7SoeeoLMsr4kf5h6dOW11I15MUA==}
    peerDependencies:
      ajv: ^8.0.0
    peerDependenciesMeta:
      ajv:
        optional: true
    dependencies:
      ajv: 8.12.0
    dev: false

  /ajv@8.12.0:
    resolution: {integrity: sha512-sRu1kpcO9yLtYxBKvqfTeh9KzZEwO3STyX1HT+4CaDzC6HpTGYhIhPIzj9XuKU7KYDwnaeh5hcOwjy1QuJzBPA==}
    dependencies:
      fast-deep-equal: 3.1.3
      json-schema-traverse: 1.0.0
      require-from-string: 2.0.2
      uri-js: 4.4.1
    dev: false

  /archy@1.0.0:
    resolution: {integrity: sha512-Xg+9RwCg/0p32teKdGMPTPnVXKD0w3DfHnFTficozsAgsvq2XenPJq/MYpzzQ/v8zrOyJn6Ds39VA4JIDwFfqw==}
    dev: false

  /array-flat-polyfill@1.0.1:
    resolution: {integrity: sha512-hfJmKupmQN0lwi0xG6FQ5U8Rd97RnIERplymOv/qpq8AoNKPPAnxJadjFA23FNWm88wykh9HmpLJUUwUtNU/iw==}
    engines: {node: '>=6.0.0'}
    dev: false

  /atomic-sleep@1.0.0:
    resolution: {integrity: sha512-kNOjDqAh7px0XWNI+4QbzoiR/nTkHAWNud2uvnJquD1/x5a7EQZMJT0AczqK0Qn67oY/TTQ1LbUKajZpp3I9tQ==}
    engines: {node: '>=8.0.0'}

  /avvio@8.2.1:
    resolution: {integrity: sha512-TAlMYvOuwGyLK3PfBb5WKBXZmXz2fVCgv23d6zZFdle/q3gPjmxBaeuC0pY0Dzs5PWMSgfqqEZkrye19GlDTgw==}
    dependencies:
      archy: 1.0.0
      debug: 4.3.4
      fastq: 1.15.0
    transitivePeerDependencies:
      - supports-color
    dev: false

  /balanced-match@1.0.2:
    resolution: {integrity: sha512-3oSeUO0TMV67hN1AmbXsK4yaqU7tjiHlbxRDZOpH0KW9+CeX4bRAaX0Anxt0tx2MrpRpWwQaPwIlISEJhYU5Pw==}

  /base64-js@1.5.1:
    resolution: {integrity: sha512-AKpaYlHn8t4SVbOHCy+b5+KKgvR4vrsD8vbvrbiQJps7fKDTkjkDry6ji0rUJjC0kzbNePLwzxq8iypo41qeWA==}

  /boolbase@1.0.0:
    resolution: {integrity: sha512-JZOSA7Mo9sNGB8+UjSgzdLtokWAky1zbztM3WRLCbZ70/3cTANmQmOdR7y2g+J0e2WXywy1yS468tY+IruqEww==}
    dev: false

  /brace-expansion@2.0.1:
    resolution: {integrity: sha512-XnAIvQ8eM+kC6aULx6wuQiwVsnzsi9d3WxzV3FpWTGA19F621kwdbsAcFKXgKUHZWsy+mY6iL1sHTxWEFCytDA==}
    dependencies:
      balanced-match: 1.0.2

  /buffer-from@1.1.2:
    resolution: {integrity: sha512-E+XQCRwSbaaiChtv6k6Dwgc+bx+Bs6vuKJHHl5kox/BaKbhiXzqQOwK4cO22yElGp2OCmjwVhT3HmxgyPGnJfQ==}
    dev: false

  /buffer@6.0.3:
    resolution: {integrity: sha512-FTiCpNxtwiZZHEZbcbTIcZjERVICn9yq/pDFkTl95/AxzD1naBctN7YO68riM/gLSDY7sdrMby8hofADYuuqOA==}
    dependencies:
      base64-js: 1.5.1
      ieee754: 1.2.1

  /camel-case@4.1.2:
    resolution: {integrity: sha512-gxGWBrTT1JuMx6R+o5PTXMmUnhnVzLQ9SNutD4YqKtI6ap897t3tKECYla6gCWEkplXnlNybEkZg9GEGxKFCgw==}
    dependencies:
      pascal-case: 3.1.2
      tslib: 2.6.2
    dev: false

  /clean-css@4.2.4:
    resolution: {integrity: sha512-EJUDT7nDVFDvaQgAo2G/PJvxmp1o/c6iXLbswsBbUFXi1Nr+AjA2cKmfbKDMjMvzEe75g3P6JkaDDAKk96A85A==}
    engines: {node: '>= 4.0'}
    dependencies:
      source-map: 0.6.1
    dev: false

  /colorette@2.0.20:
    resolution: {integrity: sha512-IfEDxwoWIjkeXL1eXcDiow4UbKjhLdq6/EuSVR9GMN7KVH3r9gQ83e73hsz1Nd1T3ijd5xv1wcWRYO+D6kCI2w==}
    dev: true

  /commander@2.20.3:
    resolution: {integrity: sha512-GpVkmM8vF2vQUkj2LvZmD35JxeJOLCwJ9cUkugyk2nuhbv3+mJvpLYYt+0+USMxE+oj+ey/lJEnhZw75x/OMcQ==}
    dev: false

  /commander@4.1.1:
    resolution: {integrity: sha512-NOKm8xhkzAjzFx8B2v5OAHT+u5pRQc2UCa2Vq9jYL/31o2wi9mxBA7LIFs3sV5VSC49z6pEhfbMULvShKj26WA==}
    engines: {node: '>= 6'}
    dev: false

  /content-disposition@0.5.4:
    resolution: {integrity: sha512-FveZTNuGw04cxlAiWbzi6zTAL/lhehaWbTtgluJh4/E95DqMwTmha3KZN1aAWA8cFIhHzMZUvLevkw5Rqk+tSQ==}
    engines: {node: '>= 0.6'}
    dependencies:
      safe-buffer: 5.2.1
    dev: false

  /cookie@0.5.0:
    resolution: {integrity: sha512-YZ3GUyn/o8gfKJlnlX7g7xq4gyO6OSuhGPKaaGssGB2qgDUS0gPgtTvoyZLTt9Ab6dC4hfc9dV5arkvc/OCmrw==}
    engines: {node: '>= 0.6'}
    dev: false

  /core-util-is@1.0.3:
    resolution: {integrity: sha512-ZQBvi1DcpJ4GDqanjucZ2Hj3wEO5pZDS89BWbkcrvdxksJorwUDDZamX9ldFkp9aw2lmBDLgkObEA4DWNJ9FYQ==}
    dev: false

  /css-select@5.1.0:
    resolution: {integrity: sha512-nwoRF1rvRRnnCqqY7updORDsuqKzqYJ28+oSMaJMMgOauh3fvwHqMS7EZpIPqK8GL+g9mKxF1vP/ZjSeNjEVHg==}
    dependencies:
      boolbase: 1.0.0
      css-what: 6.1.0
      domhandler: 5.0.3
      domutils: 3.1.0
      nth-check: 2.1.1
    dev: false

  /css-tree@1.1.3:
    resolution: {integrity: sha512-tRpdppF7TRazZrjJ6v3stzv93qxRcSsFmW6cX0Zm2NVKpxE1WV1HblnghVv9TreireHkqI/VDEsfolRF1p6y7Q==}
    engines: {node: '>=8.0.0'}
    dependencies:
      mdn-data: 2.0.14
      source-map: 0.6.1
    dev: false

  /css-what@6.1.0:
    resolution: {integrity: sha512-HTUrgRJ7r4dsZKU6GjmpfRK1O76h97Z8MfS1G0FozR+oF2kG6Vfe8JE6zwrkbxigziPHinCJ+gCPjA9EaBDtRw==}
    engines: {node: '>= 6'}
    dev: false

  /csso@4.2.0:
    resolution: {integrity: sha512-wvlcdIbf6pwKEk7vHj8/Bkc0B4ylXZruLvOgs9doS5eOsOpuodOV2zJChSpkp+pRpYQLQMeF04nr3Z68Sta9jA==}
    engines: {node: '>=8.0.0'}
    dependencies:
      css-tree: 1.1.3
    dev: false

  /dateformat@4.6.3:
    resolution: {integrity: sha512-2P0p0pFGzHS5EMnhdxQi7aJN+iMheud0UhG4dlE1DLAlvL8JHjJJTX/CSm4JXwV0Ka5nGk3zC5mcb5bUQUxxMA==}
    dev: true

  /debug@4.3.4:
    resolution: {integrity: sha512-PRWFHuSU3eDtQJPvnNY7Jcket1j0t5OuOsFzPPzsekD52Zl8qUfFIPEiswXqIvHWGVHOgX+7G/vCNNhehwxfkQ==}
    engines: {node: '>=6.0'}
    peerDependencies:
      supports-color: '*'
    peerDependenciesMeta:
      supports-color:
        optional: true
    dependencies:
      ms: 2.1.2
    dev: false

  /depd@2.0.0:
    resolution: {integrity: sha512-g7nH6P6dyDioJogAAGprGpCtVImJhpPk/roCzdb3fIh61/s/nPsfR6onyMwkCAR/OlC3yBC0lESvUoQEAssIrw==}
    engines: {node: '>= 0.8'}
    dev: false

  /dom-serializer@2.0.0:
    resolution: {integrity: sha512-wIkAryiqt/nV5EQKqQpo3SToSOV9J0DnbJqwK7Wv/Trc92zIAYZ4FlMu+JPFW1DfGFt81ZTCGgDEabffXeLyJg==}
    dependencies:
      domelementtype: 2.3.0
      domhandler: 5.0.3
      entities: 4.5.0
    dev: false

  /domelementtype@2.3.0:
    resolution: {integrity: sha512-OLETBj6w0OsagBwdXnPdN0cnMfF9opN69co+7ZrbfPGrdpPVNBUj02spi6B1N7wChLQiPn4CSH/zJvXw56gmHw==}
    dev: false

  /domhandler@5.0.3:
    resolution: {integrity: sha512-cgwlv/1iFQiFnU96XXgROh8xTeetsnJiDsTc7TYCLFd9+/WNkIqPTxiM/8pSd8VIrhXGTf1Ny1q1hquVqDJB5w==}
    engines: {node: '>= 4'}
    dependencies:
      domelementtype: 2.3.0
    dev: false

  /domutils@3.1.0:
    resolution: {integrity: sha512-H78uMmQtI2AhgDJjWeQmHwJJ2bLPD3GMmO7Zja/ZZh84wkm+4ut+IUnUdRa8uCGX88DiVx1j6FRe1XfxEgjEZA==}
    dependencies:
      dom-serializer: 2.0.0
      domelementtype: 2.3.0
      domhandler: 5.0.3
    dev: false

  /dot-case@3.0.4:
    resolution: {integrity: sha512-Kv5nKlh6yRrdrGvxeJ2e5y2eRUpkUosIW4A2AS38zwSz27zu7ufDwQPi5Jhs3XAlGNetl3bmnGhQsMtkKJnj3w==}
    dependencies:
      no-case: 3.0.4
      tslib: 2.6.2
    dev: false

  /dotenv-expand@9.0.0:
    resolution: {integrity: sha512-uW8Hrhp5ammm9x7kBLR6jDfujgaDarNA02tprvZdyrJ7MpdzD1KyrIHG4l+YoC2fJ2UcdFdNWNWIjt+sexBHJw==}
    engines: {node: '>=12'}
    dev: false

  /dotenv@16.3.1:
    resolution: {integrity: sha512-IPzF4w4/Rd94bA9imS68tZBaYyBWSCE47V1RGuMrB94iyTOIEwRmVL2x/4An+6mETpLrKJ5hQkB8W4kFAadeIQ==}
    engines: {node: '>=12'}
    dev: false

  /duplexify@3.7.1:
    resolution: {integrity: sha512-07z8uv2wMyS51kKhD1KsdXJg5WQ6t93RneqRxUHnskXVtlYYkLqM0gqStQZ3pj073g687jPCHrqNfCzawLYh5g==}
    dependencies:
      end-of-stream: 1.4.4
      inherits: 2.0.4
      readable-stream: 2.3.8
      stream-shift: 1.0.1
    dev: false

  /duplexify@4.1.2:
    resolution: {integrity: sha512-fz3OjcNCHmRP12MJoZMPglx8m4rrFP8rovnk4vT8Fs+aonZoCwGg10dSsQsfP/E62eZcPTMSMP6686fu9Qlqtw==}
    dependencies:
      end-of-stream: 1.4.4
      inherits: 2.0.4
      readable-stream: 3.6.2
      stream-shift: 1.0.1
    dev: false

  /end-of-stream@1.4.4:
    resolution: {integrity: sha512-+uw1inIHVPQoaVuHzRyXd21icM+cnt4CzD5rW+NC1wjOUSTOs+Te7FOv7AhN7vS9x/oIyhLP5PR1H+phQAHu5Q==}
    dependencies:
      once: 1.4.0

  /entities@4.5.0:
    resolution: {integrity: sha512-V0hjH4dGPh9Ao5p0MoRY6BVqtwCjhz6vI5LT8AJ55H+4g9/4vbHx1I54fS0XuclLhDHArPQCiMjDxjaL8fPxhw==}
    engines: {node: '>=0.12'}
    dev: false

  /env-schema@5.2.0:
    resolution: {integrity: sha512-36/6cZ+zIbcPA2ANrzp7vTz2bS8/zdZaq2RPFqJVtCGJ4P55EakgJ1BeKP8RMvEmM7ndrnHdJXzL3J1dHrEm1w==}
    dependencies:
      ajv: 8.12.0
      dotenv: 16.3.1
      dotenv-expand: 9.0.0
    dev: false

  /escape-html@1.0.3:
    resolution: {integrity: sha512-NiSupZ4OeuGwr68lGIeym/ksIZMJodUGOSCZ/FSnTxcrekbvqrgdUxlJOMpijaKZVjAJrWrGs/6Jy8OMuyj9ow==}
    dev: false

  /eta@3.1.1:
    resolution: {integrity: sha512-GVKq8BhYjvGiwKAnvPOnTwAHach3uHglvW0nG9gjEmo8ZIe8HR1aCLdQ97jlxXPcCWhB6E3rDWOk2fahFKG5Cw==}
    engines: {node: '>=6.0.0'}
    dev: false

  /event-target-shim@5.0.1:
    resolution: {integrity: sha512-i/2XbnSz/uxRCU6+NdVJgKWDTM427+MqYbkQzD321DuCQJUqOuJKIA0IM2+W2xtYHdKOmZ4dR6fExsd4SXL+WQ==}
    engines: {node: '>=6'}

  /events@3.3.0:
    resolution: {integrity: sha512-mQw+2fkQbALzQ7V0MY0IqdnXNOeTtP4r0lN9z7AAawCXgqea7bDii20AYrIBrFd/Hx0M2Ocz6S111CaFkUcb0Q==}
    engines: {node: '>=0.8.x'}

  /fast-content-type-parse@1.0.0:
    resolution: {integrity: sha512-Xbc4XcysUXcsP5aHUU7Nq3OwvHq97C+WnbkeIefpeYLX+ryzFJlU6OStFJhs6Ol0LkUGpcK+wL0JwfM+FCU5IA==}
    dev: false

  /fast-copy@3.0.1:
    resolution: {integrity: sha512-Knr7NOtK3HWRYGtHoJrjkaWepqT8thIVGAwt0p0aUs1zqkAzXZV4vo9fFNwyb5fcqK1GKYFYxldQdIDVKhUAfA==}
    dev: true

  /fast-decode-uri-component@1.0.1:
    resolution: {integrity: sha512-WKgKWg5eUxvRZGwW8FvfbaH7AXSh2cL+3j5fMGzUMCxWBJ3dV3a7Wz8y2f/uQ0e3B6WmodD3oS54jTQ9HVTIIg==}
    dev: false

  /fast-deep-equal@3.1.3:
    resolution: {integrity: sha512-f3qQ9oQy9j2AhBe/H9VC91wLmKBCCU/gDOnKNAYG5hswO7BLKj09Hc5HYNz9cGI++xlpDCIgDaitVs03ATR84Q==}
    dev: false

  /fast-json-stringify@5.8.0:
    resolution: {integrity: sha512-VVwK8CFMSALIvt14U8AvrSzQAwN/0vaVRiFFUVlpnXSnDGrSkOAO5MtzyN8oQNjLd5AqTW5OZRgyjoNuAuR3jQ==}
    dependencies:
      '@fastify/deepmerge': 1.3.0
      ajv: 8.12.0
      ajv-formats: 2.1.1(ajv@8.12.0)
      fast-deep-equal: 3.1.3
      fast-uri: 2.2.0
      rfdc: 1.3.0
    dev: false

  /fast-querystring@1.1.2:
    resolution: {integrity: sha512-g6KuKWmFXc0fID8WWH0jit4g0AGBoJhCkJMb1RmbsSEUNvQ+ZC8D6CUZ+GtF8nMzSPXnhiePyyqqipzNNEnHjg==}
    dependencies:
      fast-decode-uri-component: 1.0.1
    dev: false

  /fast-redact@3.3.0:
    resolution: {integrity: sha512-6T5V1QK1u4oF+ATxs1lWUmlEk6P2T9HqJG3e2DnHOdVgZy2rFJBoEnrIedcTXlkAHU/zKC+7KETJ+KGGKwxgMQ==}
    engines: {node: '>=6'}
    dev: false

  /fast-safe-stringify@2.1.1:
    resolution: {integrity: sha512-W+KJc2dmILlPplD/H4K9l9LcAHAfPtP6BY84uVLXQ6Evcz9Lcg33Y2z1IVblT6xdY54PXYVHEv+0Wpq8Io6zkA==}
    dev: true

  /fast-uri@2.2.0:
    resolution: {integrity: sha512-cIusKBIt/R/oI6z/1nyfe2FvGKVTohVRfvkOhvx0nCEW+xf5NoCXjAHcWp93uOUBchzYcsvPlrapAdX1uW+YGg==}
    dev: false

  /fastify-minify@1.2.0:
    resolution: {integrity: sha512-96OQZ5zkf1uB6oMONk1qy9M/dcL5yfHtU3aKLHbiMJgnUG1ZfnEztmE0G2ZgQxvDKVAoHPcr2FGNGXlTVzwyrw==}
    dependencies:
      array-flat-polyfill: 1.0.1
      csso: 4.2.0
      fastify-plugin: 3.0.1
      get-stream: 6.0.1
      html-minifier-terser: 5.1.1
      quick-lru: 5.1.1
      terser: 5.19.2
    dev: false

  /fastify-plugin@3.0.1:
    resolution: {integrity: sha512-qKcDXmuZadJqdTm6vlCqioEbyewF60b/0LOFCcYN1B6BIZGlYJumWWOYs70SFYLDAH4YqdE1cxH/RKMG7rFxgA==}
    dev: false

  /fastify-plugin@4.5.1:
    resolution: {integrity: sha512-stRHYGeuqpEZTL1Ef0Ovr2ltazUT9g844X5z/zEBFLG8RYlpDiOCIG+ATvYEp+/zmc7sN29mcIMp8gvYplYPIQ==}
    dev: false

  /fastify@4.21.0:
    resolution: {integrity: sha512-tsu4bcwE4HetxqW8prA5fbC9bKHMYDp7jGEDWyzK1l90a3uOaLoIcQbdGcWeODNLVJviQnzh1wvIjTZE3MJFEg==}
    dependencies:
      '@fastify/ajv-compiler': 3.5.0
      '@fastify/error': 3.3.0
      '@fastify/fast-json-stringify-compiler': 4.3.0
      abstract-logging: 2.0.1
      avvio: 8.2.1
      fast-content-type-parse: 1.0.0
      fast-json-stringify: 5.8.0
      find-my-way: 7.6.2
      light-my-request: 5.10.0
      pino: 8.15.0
      process-warning: 2.2.0
      proxy-addr: 2.0.7
      rfdc: 1.3.0
      secure-json-parse: 2.7.0
      semver: 7.5.4
      tiny-lru: 11.0.1
    transitivePeerDependencies:
      - supports-color
    dev: false

  /fastq@1.15.0:
    resolution: {integrity: sha512-wBrocU2LCXXa+lWBt8RoIRD89Fi8OdABODa/kEnyeyjS5aZO5/GNvI5sEINADqP/h8M29UHTHUb53sUu5Ihqdw==}
    dependencies:
      reusify: 1.0.4
    dev: false

  /find-my-way@7.6.2:
    resolution: {integrity: sha512-0OjHn1b1nCX3eVbm9ByeEHiscPYiHLfhei1wOUU9qffQkk98wE0Lo8VrVYfSGMgnSnDh86DxedduAnBf4nwUEw==}
    engines: {node: '>=14'}
    dependencies:
      fast-deep-equal: 3.1.3
      fast-querystring: 1.1.2
      safe-regex2: 2.0.0
    dev: false

  /forwarded@0.2.0:
    resolution: {integrity: sha512-buRG0fpBtRHSTCOASe6hD258tEubFoRLb4ZNA6NxMVHNw2gOcwHo9wyablzMzOA5z9xA9L1KNjk/Nt6MT9aYow==}
    engines: {node: '>= 0.6'}
    dev: false

  /from2@2.3.0:
    resolution: {integrity: sha512-OMcX/4IC/uqEPVgGeyfN22LJk6AZrMkRZHxcHBMBvHScDGgwTm2GT2Wkgtocyd3JfZffjj2kYUDXXII0Fk9W0g==}
    dependencies:
      inherits: 2.0.4
      readable-stream: 2.3.8
    dev: false

  /fs.realpath@1.0.0:
    resolution: {integrity: sha512-OO0pH2lK6a0hZnAdau5ItzHPI6pUlvI7jMVnxUQRtw4owF2wk8lOSabtGDCTP4Ggrg2MbGnWO9X8K1t4+fGMDw==}

  /get-stream@6.0.1:
    resolution: {integrity: sha512-ts6Wi+2j3jQjqi70w5AlN8DFnkSwC+MqmxEzdEALB2qXZYV3X/b1CTfgPLGJNMeAWxdPfU8FO1ms3NUfaHCPYg==}
    engines: {node: '>=10'}
    dev: false

  /glob@8.1.0:
    resolution: {integrity: sha512-r8hpEjiQEYlF2QU0df3dS+nxxSIreXQS1qRhMJM0Q5NDdR386C7jb7Hwwod8Fgiuex+k0GFjgft18yvxm5XoCQ==}
    engines: {node: '>=12'}
    dependencies:
      fs.realpath: 1.0.0
      inflight: 1.0.6
      inherits: 2.0.4
      minimatch: 5.1.6
      once: 1.4.0

  /hashlru@2.3.0:
    resolution: {integrity: sha512-0cMsjjIC8I+D3M44pOQdsy0OHXGLVz6Z0beRuufhKa0KfaD2wGwAev6jILzXsd3/vpnNQJmWyZtIILqM1N+n5A==}
    dev: false

  /he@1.2.0:
    resolution: {integrity: sha512-F/1DnUGPopORZi0ni+CvrCgHQ5FyEAHRLSApuYWMmrbSwoN2Mn/7k+Gl38gJnR7yyDZk6WLXwiGod1JOWNDKGw==}
    hasBin: true
    dev: false

  /help-me@4.2.0:
    resolution: {integrity: sha512-TAOnTB8Tz5Dw8penUuzHVrKNKlCIbwwbHnXraNJxPwf8LRtE2HlM84RYuezMFcwOJmoYOCWVDyJ8TQGxn9PgxA==}
    dependencies:
      glob: 8.1.0
      readable-stream: 3.6.2
    dev: true

  /html-minifier-terser@5.1.1:
    resolution: {integrity: sha512-ZPr5MNObqnV/T9akshPKbVgyOqLmy+Bxo7juKCfTfnjNniTAMdy4hz21YQqoofMBJD2kdREaqPPdThoR78Tgxg==}
    engines: {node: '>=6'}
    hasBin: true
    dependencies:
      camel-case: 4.1.2
      clean-css: 4.2.4
      commander: 4.1.1
      he: 1.2.0
      param-case: 3.0.4
      relateurl: 0.2.7
      terser: 4.8.1
    dev: false

  /http-errors@2.0.0:
    resolution: {integrity: sha512-FtwrG/euBzaEjYeRqOgly7G0qviiXoJWnvEH2Z1plBdXgbyjv34pHTSb9zoeHMyDy33+DWy5Wt9Wo+TURtOYSQ==}
    engines: {node: '>= 0.8'}
    dependencies:
      depd: 2.0.0
      inherits: 2.0.4
      setprototypeof: 1.2.0
      statuses: 2.0.1
      toidentifier: 1.0.1
    dev: false

  /ieee754@1.2.1:
    resolution: {integrity: sha512-dcyqhDvX1C46lXZcVqCpK+FtMRQVdIMN6/Df5js2zouUsqG7I6sFxitIC+7KYK29KdXOLHdu9zL4sFnoVQnqaA==}

  /inflight@1.0.6:
    resolution: {integrity: sha512-k92I/b08q4wvFscXCLvqfsHCrjrF7yiXsQuIVvVE7N82W3+aqpzuUdBbfhWcy/FZR3/4IgflMgKLOsvPDrGCJA==}
    dependencies:
      once: 1.4.0
      wrappy: 1.0.2

  /inherits@2.0.4:
    resolution: {integrity: sha512-k/vGaX4/Yla3WzyMCvTQOXYeIHvqOKtnqBduzTHpzpQZzAskKMhZ2K+EnBiSM9zGSoIFeMpXKxa4dYeZIQqewQ==}

  /into-stream@6.0.0:
    resolution: {integrity: sha512-XHbaOAvP+uFKUFsOgoNPRjLkwB+I22JFPFe5OjTkQ0nwgj6+pSjb4NmB6VMxaPshLiOf+zcpOCBQuLwC1KHhZA==}
    engines: {node: '>=10'}
    dependencies:
      from2: 2.3.0
      p-is-promise: 3.0.0
    dev: false

  /ipaddr.js@1.9.1:
    resolution: {integrity: sha512-0KI/607xoxSToH7GjN1FfSbLoU0+btTicjsQSWQlh/hZykN8KpmMf7uYwPW3R+akZ6R/w18ZlXSHBYXiYUPO3g==}
    engines: {node: '>= 0.10'}
    dev: false

  /isarray@1.0.0:
    resolution: {integrity: sha512-VLghIWNM6ELQzo7zwmcg0NmTVyWKYjvIeM83yjp0wRDTmUnrM678fQbcKBo6n2CJEF0szoG//ytg+TKla89ALQ==}
    dev: false

  /joycon@3.1.1:
    resolution: {integrity: sha512-34wB/Y7MW7bzjKRjUKTa46I2Z7eV62Rkhva+KkopW7Qvv/OSWBqvkSY7vusOPrNuZcUG3tApvdVgNB8POj3SPw==}
    engines: {node: '>=10'}
    dev: true

  /json-schema-traverse@1.0.0:
    resolution: {integrity: sha512-NM8/P9n3XjXhIZn1lLhkFaACTOURQXjWhV4BA/RnOv8xvgqtqpAX9IO4mRQxSx1Rlo4tqzeqb0sOlruaOy3dug==}
    dev: false

  /light-my-request@5.10.0:
    resolution: {integrity: sha512-ZU2D9GmAcOUculTTdH9/zryej6n8TzT+fNGdNtm6SDp5MMMpHrJJkvAdE3c6d8d2chE9i+a//dS9CWZtisknqA==}
    dependencies:
      cookie: 0.5.0
      process-warning: 2.2.0
      set-cookie-parser: 2.6.0
    dev: false

  /lower-case@2.0.2:
    resolution: {integrity: sha512-7fm3l3NAF9WfN6W3JOmf5drwpVqX78JtoGJ3A6W0a6ZnldM41w2fV5D490psKFTpMds8TJse/eHLFFsNHHjHgg==}
    dependencies:
      tslib: 2.6.2
    dev: false

  /lru-cache@6.0.0:
    resolution: {integrity: sha512-Jo6dJ04CmSjuznwJSS3pUeWmd/H0ffTlkXXgwZi+eq1UCmqQwCh+eLsYOYCwY991i2Fah4h1BEMCx4qThGbsiA==}
    engines: {node: '>=10'}
    dependencies:
      yallist: 4.0.0
    dev: false

  /mdn-data@2.0.14:
    resolution: {integrity: sha512-dn6wd0uw5GsdswPFfsgMp5NSB0/aDe6fK94YJV/AJDYXL6HVLWBsxeq7js7Ad+mU2K9LAlwpk6kN2D5mwCPVow==}
    dev: false

  /mime-db@1.52.0:
    resolution: {integrity: sha512-sPU4uV7dYlvtWJxwwxHD0PuihVNiE7TyAbQ5SWxDCB9mUYvOgroQOwYQQOKPJ8CIbE+1ETVlOoK1UC2nU3gYvg==}
    engines: {node: '>= 0.6'}
    dev: false

  /mime@3.0.0:
    resolution: {integrity: sha512-jSCU7/VB1loIWBZe14aEYHU/+1UMEHoaO7qxCOVJOw9GgH72VAWppxNcjU+x9a2k3GSIBXNKxXQFqRvvZ7vr3A==}
    engines: {node: '>=10.0.0'}
    hasBin: true
    dev: false

  /minimatch@5.1.6:
    resolution: {integrity: sha512-lKwV/1brpG6mBUFHtb7NUmtABCb2WZZmm2wNiOA5hAb8VdCS4B3dtMWyvcoViccwAW/COERjXLt0zP1zXUN26g==}
    engines: {node: '>=10'}
    dependencies:
      brace-expansion: 2.0.1

  /minimist@1.2.8:
    resolution: {integrity: sha512-2yyAR8qBkN3YuheJanUpWC5U3bb5osDywNB8RzDVlDwDHbocAJveqqj1u8+SVD7jkWT4yvsHCpWqqWqAxb0zCA==}
    dev: true

  /minipass@6.0.2:
    resolution: {integrity: sha512-MzWSV5nYVT7mVyWCwn2o7JH13w2TBRmmSqSRCKzTw+lmft9X4z+3wjvs06Tzijo5z4W/kahUCDpRXTF+ZrmF/w==}
    engines: {node: '>=16 || 14 >=14.17'}
    dev: false

  /ms@2.1.2:
    resolution: {integrity: sha512-sGkPx+VjMtmA6MX27oA4FBFELFCZZ4S4XqeGOXCv68tT+jb3vk/RyaKWP0PTKyWtmLSM0b+adUTEvbs1PEaH2w==}
    dev: false

  /no-case@3.0.4:
    resolution: {integrity: sha512-fgAN3jGAh+RoxUGZHTSOLJIqUc2wmoBwGR4tbpNAKmmovFoWq0OdRkb0VkldReO2a2iBT/OEulG9XSUc10r3zg==}
    dependencies:
      lower-case: 2.0.2
      tslib: 2.6.2
    dev: false

  /node-html-parser@6.1.6:
    resolution: {integrity: sha512-C/MGDQ2NjdjzUq41bW9kW00MPZecAe/oo89vZEFLDfWoQVDk/DdML1yuxVVKLDMFIFax2VTq6Vpfzyn7z5yYgQ==}
    dependencies:
      css-select: 5.1.0
      he: 1.2.0
    dev: false

  /nth-check@2.1.1:
    resolution: {integrity: sha512-lqjrjmaOoAnWfMmBPL+XNnynZh2+swxiX3WUE0s4yEHI6m+AwrK2UZOimIRl3X/4QctVqS8AiZjFqyOGrMXb/w==}
    dependencies:
      boolbase: 1.0.0
    dev: false

  /on-exit-leak-free@2.1.0:
    resolution: {integrity: sha512-VuCaZZAjReZ3vUwgOB8LxAosIurDiAW0s13rI1YwmaP++jvcxP77AWoQvenZebpCA2m8WC1/EosPYPMjnRAp/w==}

  /once@1.4.0:
    resolution: {integrity: sha512-lNaJgI+2Q5URQBkccEKHTQOPaXdUxnZZElQTZY0MFUAuaEqe1E+Nyvgdz/aIyNi6Z9MzO5dv1H8n58/GELp3+w==}
    dependencies:
      wrappy: 1.0.2

  /p-is-promise@3.0.0:
    resolution: {integrity: sha512-Wo8VsW4IRQSKVXsJCn7TomUaVtyfjVDn3nUP7kE967BQk0CwFpdbZs0X0uk5sW9mkBa9eNM7hCMaG93WUAwxYQ==}
    engines: {node: '>=8'}
    dev: false

  /p-limit@3.1.0:
    resolution: {integrity: sha512-TYOanM3wGwNGsZN2cVTYPArw454xnXj5qmWF1bEoAc4+cU/ol7GVh7odevjp1FNHduHc3KZMcFduxU5Xc6uJRQ==}
    engines: {node: '>=10'}
    dependencies:
      yocto-queue: 0.1.0
    dev: false

  /param-case@3.0.4:
    resolution: {integrity: sha512-RXlj7zCYokReqWpOPH9oYivUzLYZ5vAPIfEmCTNViosC78F8F0H9y7T7gG2M39ymgutxF5gcFEsyZQSph9Bp3A==}
    dependencies:
      dot-case: 3.0.4
      tslib: 2.6.2
    dev: false

  /pascal-case@3.1.2:
    resolution: {integrity: sha512-uWlGT3YSnK9x3BQJaOdcZwrnV6hPpd8jFH1/ucpiLRPh/2zCVJKS19E4GvYHvaCcACn3foXZ0cLB9Wrx1KGe5g==}
    dependencies:
      no-case: 3.0.4
      tslib: 2.6.2
    dev: false

  /peek-stream@1.1.3:
    resolution: {integrity: sha512-FhJ+YbOSBb9/rIl2ZeE/QHEsWn7PqNYt8ARAY3kIgNGOk13g9FGyIY6JIl/xB/3TFRVoTv5as0l11weORrTekA==}
    dependencies:
      buffer-from: 1.1.2
      duplexify: 3.7.1
      through2: 2.0.5
    dev: false

  /pino-abstract-transport@1.0.0:
    resolution: {integrity: sha512-c7vo5OpW4wIS42hUVcT5REsL8ZljsUfBjqV/e2sFxmFEFZiq1XLUp5EYLtuDH6PEHq9W1egWqRbnLUP5FuZmOA==}
    dependencies:
      readable-stream: 4.4.2
      split2: 4.2.0

  /pino-pretty@10.2.0:
    resolution: {integrity: sha512-tRvpyEmGtc2D+Lr3FulIZ+R1baggQ4S3xD2Ar93KixFEDx6SEAUP3W5aYuEw1C73d6ROrNcB2IXLteW8itlwhA==}
    hasBin: true
    dependencies:
      colorette: 2.0.20
      dateformat: 4.6.3
      fast-copy: 3.0.1
      fast-safe-stringify: 2.1.1
      help-me: 4.2.0
      joycon: 3.1.1
      minimist: 1.2.8
      on-exit-leak-free: 2.1.0
      pino-abstract-transport: 1.0.0
      pump: 3.0.0
      readable-stream: 4.4.2
      secure-json-parse: 2.7.0
      sonic-boom: 3.3.0
      strip-json-comments: 3.1.1
    dev: true

  /pino-std-serializers@6.2.2:
    resolution: {integrity: sha512-cHjPPsE+vhj/tnhCy/wiMh3M3z3h/j15zHQX+S9GkTBgqJuTuJzYJ4gUyACLhDaJ7kk9ba9iRDmbH2tJU03OiA==}
    dev: false

  /pino@8.15.0:
    resolution: {integrity: sha512-olUADJByk4twxccmAxb1RiGKOSvddHugCV3wkqjyv+3Sooa2KLrmXrKEWOKi0XPCLasRR5jBXxioE1jxUa4KzQ==}
    hasBin: true
    dependencies:
      atomic-sleep: 1.0.0
      fast-redact: 3.3.0
      on-exit-leak-free: 2.1.0
      pino-abstract-transport: 1.0.0
      pino-std-serializers: 6.2.2
      process-warning: 2.2.0
      quick-format-unescaped: 4.0.4
      real-require: 0.2.0
      safe-stable-stringify: 2.4.3
      sonic-boom: 3.3.0
      thread-stream: 2.4.0
    dev: false

  /process-nextick-args@2.0.1:
    resolution: {integrity: sha512-3ouUOpQhtgrbOa17J7+uxOTpITYWaGP7/AhoR3+A+/1e9skrzelGi/dXzEYyvbxubEF6Wn2ypscTKiKJFFn1ag==}
    dev: false

  /process-warning@2.2.0:
    resolution: {integrity: sha512-/1WZ8+VQjR6avWOgHeEPd7SDQmFQ1B5mC1eRXsCm5TarlNmx/wCsa5GEaxGm05BORRtyG/Ex/3xq3TuRvq57qg==}
    dev: false

  /process@0.11.10:
    resolution: {integrity: sha512-cdGef/drWFoydD1JsMzuFf8100nZl+GT+yacc2bEced5f9Rjk4z+WtFUTBu9PhOi9j/jfmBPu0mMEY4wIdAF8A==}
    engines: {node: '>= 0.6.0'}

  /proxy-addr@2.0.7:
    resolution: {integrity: sha512-llQsMLSUDUPT44jdrU/O37qlnifitDP+ZwrmmZcoSKyLKvtZxpyV0n2/bD/N4tBAAZ/gJEdZU7KMraoK1+XYAg==}
    engines: {node: '>= 0.10'}
    dependencies:
      forwarded: 0.2.0
      ipaddr.js: 1.9.1
    dev: false

  /pump@3.0.0:
    resolution: {integrity: sha512-LwZy+p3SFs1Pytd/jYct4wpv49HiYCqd9Rlc5ZVdk0V+8Yzv6jR5Blk3TRmPL1ft69TxP0IMZGJ+WPFU2BFhww==}
    dependencies:
      end-of-stream: 1.4.4
      once: 1.4.0

  /pumpify@2.0.1:
    resolution: {integrity: sha512-m7KOje7jZxrmutanlkS1daj1dS6z6BgslzOXmcSEpIlCxM3VJH7lG5QLeck/6hgF6F4crFf01UtQmNsJfweTAw==}
    dependencies:
      duplexify: 4.1.2
      inherits: 2.0.4
      pump: 3.0.0
    dev: false

  /punycode@2.3.0:
    resolution: {integrity: sha512-rRV+zQD8tVFys26lAGR9WUuS4iUAngJScM+ZRSKtvl5tKeZ2t5bvdNFdNHBW9FWR4guGHlgmsZ1G7BSm2wTbuA==}
    engines: {node: '>=6'}
    dev: false

  /quick-format-unescaped@4.0.4:
    resolution: {integrity: sha512-tYC1Q1hgyRuHgloV/YXs2w15unPVh8qfu/qCTfhTYamaw7fyhumKa2yGpdSo87vY32rIclj+4fWYQXUMs9EHvg==}
    dev: false

  /quick-lru@5.1.1:
    resolution: {integrity: sha512-WuyALRjWPDGtt/wzJiadO5AXY+8hZ80hVpe6MyivgraREW751X3SbhRvG3eLKOYN+8VEvqLcf3wdnt44Z4S4SA==}
    engines: {node: '>=10'}
    dev: false

  /readable-stream@2.3.8:
    resolution: {integrity: sha512-8p0AUk4XODgIewSi0l8Epjs+EVnWiK7NoDIEGU0HhE7+ZyY8D1IMY7odu5lRrFXGg71L15KG8QrPmum45RTtdA==}
    dependencies:
      core-util-is: 1.0.3
      inherits: 2.0.4
      isarray: 1.0.0
      process-nextick-args: 2.0.1
      safe-buffer: 5.1.2
      string_decoder: 1.1.1
      util-deprecate: 1.0.2
    dev: false

  /readable-stream@3.6.2:
    resolution: {integrity: sha512-9u/sniCrY3D5WdsERHzHE4G2YCXqoG5FTHUiCC4SIbr6XcLZBY05ya9EKjYek9O5xOAwjGq+1JdGBAS7Q9ScoA==}
    engines: {node: '>= 6'}
    dependencies:
      inherits: 2.0.4
      string_decoder: 1.3.0
      util-deprecate: 1.0.2

  /readable-stream@4.4.2:
    resolution: {integrity: sha512-Lk/fICSyIhodxy1IDK2HazkeGjSmezAWX2egdtJnYhtzKEsBPJowlI6F6LPb5tqIQILrMbx22S5o3GuJavPusA==}
    engines: {node: ^12.22.0 || ^14.17.0 || >=16.0.0}
    dependencies:
      abort-controller: 3.0.0
      buffer: 6.0.3
      events: 3.3.0
      process: 0.11.10
      string_decoder: 1.3.0

  /real-require@0.2.0:
    resolution: {integrity: sha512-57frrGM/OCTLqLOAh0mhVA9VBMHd+9U7Zb2THMGdBUoZVOtGbJzjxsYGDJ3A9AYYCP4hn6y1TVbaOfzWtm5GFg==}
    engines: {node: '>= 12.13.0'}
    dev: false

  /relateurl@0.2.7:
    resolution: {integrity: sha512-G08Dxvm4iDN3MLM0EsP62EDV9IuhXPR6blNz6Utcp7zyV3tr4HVNINt6MpaRWbxoOHT3Q7YN2P+jaHX8vUbgog==}
    engines: {node: '>= 0.10'}
    dev: false

  /require-from-string@2.0.2:
    resolution: {integrity: sha512-Xf0nWe6RseziFMu+Ap9biiUbmplq6S9/p+7w7YXP/JBHhrUDDUhwa+vANyubuqfZWTveU//DYVGsDG7RKL/vEw==}
    engines: {node: '>=0.10.0'}
    dev: false

  /ret@0.2.2:
    resolution: {integrity: sha512-M0b3YWQs7R3Z917WRQy1HHA7Ba7D8hvZg6UE5mLykJxQVE2ju0IXbGlaHPPlkY+WN7wFP+wUMXmBFA0aV6vYGQ==}
    engines: {node: '>=4'}
    dev: false

  /reusify@1.0.4:
    resolution: {integrity: sha512-U9nH88a3fc/ekCF1l0/UP1IosiuIjyTh7hBvXVMHYgVcfGvt897Xguj2UOLDeI5BG2m7/uwyaLVT6fbtCwTyzw==}
    engines: {iojs: '>=1.0.0', node: '>=0.10.0'}
    dev: false

  /rfdc@1.3.0:
    resolution: {integrity: sha512-V2hovdzFbOi77/WajaSMXk2OLm+xNIeQdMMuB7icj7bk6zi2F8GGAxigcnDFpJHbNyNcgyJDiP+8nOrY5cZGrA==}
    dev: false

  /safe-buffer@5.1.2:
    resolution: {integrity: sha512-Gd2UZBJDkXlY7GbJxfsE8/nvKkUEU1G38c1siN6QP6a9PT9MmHB8GnpscSmMJSoF8LOIrt8ud/wPtojys4G6+g==}
    dev: false

  /safe-buffer@5.2.1:
    resolution: {integrity: sha512-rp3So07KcdmmKbGvgaNxQSJr7bGVSVk5S9Eq1F+ppbRo70+YeaDxkw5Dd8NPN+GD6bjnYm2VuPuCXmpuYvmCXQ==}

  /safe-regex2@2.0.0:
    resolution: {integrity: sha512-PaUSFsUaNNuKwkBijoAPHAK6/eM6VirvyPWlZ7BAQy4D+hCvh4B6lIG+nPdhbFfIbP+gTGBcrdsOaUs0F+ZBOQ==}
    dependencies:
      ret: 0.2.2
    dev: false

  /safe-stable-stringify@2.4.3:
    resolution: {integrity: sha512-e2bDA2WJT0wxseVd4lsDP4+3ONX6HpMXQa1ZhFQ7SU+GjvORCmShbCMltrtIDfkYhVHrOcPtj+KhmDBdPdZD1g==}
    engines: {node: '>=10'}
    dev: false

  /secure-json-parse@2.7.0:
    resolution: {integrity: sha512-6aU+Rwsezw7VR8/nyvKTx8QpWH9FrcYiXXlqC4z5d5XQBDRqtbfsRjnwGyqbi3gddNtWHuEk9OANUotL26qKUw==}

  /semver@7.5.4:
    resolution: {integrity: sha512-1bCSESV6Pv+i21Hvpxp3Dx+pSD8lIPt8uVjRrxAUt/nbswYc+tK6Y2btiULjd4+fnq15PX+nqQDC7Oft7WkwcA==}
    engines: {node: '>=10'}
    hasBin: true
    dependencies:
      lru-cache: 6.0.0
    dev: false

  /set-cookie-parser@2.6.0:
    resolution: {integrity: sha512-RVnVQxTXuerk653XfuliOxBP81Sf0+qfQE73LIYKcyMYHG94AuH0kgrQpRDuTZnSmjpysHmzxJXKNfa6PjFhyQ==}
    dev: false

  /setprototypeof@1.2.0:
    resolution: {integrity: sha512-E5LDX7Wrp85Kil5bhZv46j8jOeboKq5JMmYM3gVGdGH8xFpPWXUMsNrlODCrkoxMEeNi/XZIwuRvY4XNwYMJpw==}
    dev: false

  /sonic-boom@3.3.0:
    resolution: {integrity: sha512-LYxp34KlZ1a2Jb8ZQgFCK3niIHzibdwtwNUWKg0qQRzsDoJ3Gfgkf8KdBTFU3SkejDEIlWwnSnpVdOZIhFMl/g==}
    dependencies:
      atomic-sleep: 1.0.0

  /source-map-support@0.5.21:
    resolution: {integrity: sha512-uBHU3L3czsIyYXKX88fdrGovxdSCoTGDRZ6SYXtSRxLZUzHg5P/66Ht6uoUlHu9EZod+inXhKo3qQgwXUT/y1w==}
    dependencies:
      buffer-from: 1.1.2
      source-map: 0.6.1
    dev: false

  /source-map@0.6.1:
    resolution: {integrity: sha512-UjgapumWlbMhkBgzT7Ykc5YXUT46F0iKu8SGXq0bcwP5dz/h0Plj6enJqjz1Zbq2l5WaqYnrVbwWOWMyF3F47g==}
    engines: {node: '>=0.10.0'}
    dev: false

  /split2@4.2.0:
    resolution: {integrity: sha512-UcjcJOWknrNkF6PLX83qcHM6KHgVKNkV62Y8a5uYDVv9ydGQVwAHMKqHdJje1VTWpljG0WYpCDhrCdAOYH4TWg==}
    engines: {node: '>= 10.x'}

  /statuses@2.0.1:
    resolution: {integrity: sha512-RwNA9Z/7PrK06rYLIzFMlaF+l73iwpzsqRIFgbMLbTcLD6cOao82TaWefPXQvB2fOC4AjuYSEndS7N/mTCbkdQ==}
    engines: {node: '>= 0.8'}
    dev: false

  /stream-shift@1.0.1:
    resolution: {integrity: sha512-AiisoFqQ0vbGcZgQPY1cdP2I76glaVA/RauYR4G4thNFgkTqr90yXTo4LYX60Jl+sIlPNHHdGSwo01AvbKUSVQ==}
    dev: false

  /string_decoder@1.1.1:
    resolution: {integrity: sha512-n/ShnvDi6FHbbVfviro+WojiFzv+s8MPMHBczVePfUpDJLwoLT0ht1l4YwBCbi8pJAveEEdnkHyPyTP/mzRfwg==}
    dependencies:
      safe-buffer: 5.1.2
    dev: false

  /string_decoder@1.3.0:
    resolution: {integrity: sha512-hkRX8U1WjJFd8LsDJ2yQ/wWWxaopEsABU1XfkM8A+j0+85JAGppt16cr1Whg6KIbb4okU6Mql6BOj+uup/wKeA==}
    dependencies:
      safe-buffer: 5.2.1

  /strip-json-comments@3.1.1:
    resolution: {integrity: sha512-6fPc+R4ihwqP6N/aIv2f1gMH8lOVtWQHoqC4yK6oSDVVocumAsfCqjkXnqiYMhmMwS/mEHLp7Vehlt3ql6lEig==}
    engines: {node: '>=8'}
    dev: true

  /terser@4.8.1:
    resolution: {integrity: sha512-4GnLC0x667eJG0ewJTa6z/yXrbLGv80D9Ru6HIpCQmO+Q4PfEtBFi0ObSckqwL6VyQv/7ENJieXHo2ANmdQwgw==}
    engines: {node: '>=6.0.0'}
    hasBin: true
    dependencies:
      acorn: 8.10.0
      commander: 2.20.3
      source-map: 0.6.1
      source-map-support: 0.5.21
    dev: false

  /terser@5.19.2:
    resolution: {integrity: sha512-qC5+dmecKJA4cpYxRa5aVkKehYsQKc+AHeKl0Oe62aYjBL8ZA33tTljktDHJSaxxMnbI5ZYw+o/S2DxxLu8OfA==}
    engines: {node: '>=10'}
    hasBin: true
    dependencies:
      '@jridgewell/source-map': 0.3.5
      acorn: 8.10.0
      commander: 2.20.3
      source-map-support: 0.5.21
    dev: false

  /thread-stream@2.4.0:
    resolution: {integrity: sha512-xZYtOtmnA63zj04Q+F9bdEay5r47bvpo1CaNqsKi7TpoJHcotUez8Fkfo2RJWpW91lnnaApdpRbVwCWsy+ifcw==}
    dependencies:
      real-require: 0.2.0
    dev: false

  /through2@2.0.5:
    resolution: {integrity: sha512-/mrRod8xqpA+IHSLyGCQ2s8SPHiCDEeQJSep1jqLYeEUClOFG2Qsh+4FU6G9VeqpZnGW/Su8LQGc4YKni5rYSQ==}
    dependencies:
      readable-stream: 2.3.8
      xtend: 4.0.2
    dev: false

  /tiny-lru@11.0.1:
    resolution: {integrity: sha512-iNgFugVuQgBKrqeO/mpiTTgmBsTP0WL6yeuLfLs/Ctf0pI/ixGqIRm8sDCwMcXGe9WWvt2sGXI5mNqZbValmJg==}
    engines: {node: '>=12'}
    dev: false

  /toidentifier@1.0.1:
    resolution: {integrity: sha512-o5sSPKEkg/DIQNmH43V0/uerLrpzVedkUh8tGNvaeXpfpuwjKenlSox/2O/BTlZUtEe+JG7s5YhEz608PlAHRA==}
    engines: {node: '>=0.6'}
    dev: false

  /tslib@2.6.2:
    resolution: {integrity: sha512-AEYxH93jGFPn/a2iVAwW87VuUIkR1FVUKB77NwMF7nBTDkDrrT/Hpt/IrCJ0QXhW27jTBDcf5ZY7w6RiqTMw2Q==}
    dev: false

  /typescript@5.2.2:
    resolution: {integrity: sha512-mI4WrpHsbCIcwT9cF4FZvr80QUeKvsUsUvKDoR+X/7XHQH98xYD8YHZg7ANtz2GtZt/CBq2QJ0thkGJMHfqc1w==}
    engines: {node: '>=14.17'}
    hasBin: true
    dev: true

  /uri-js@4.4.1:
    resolution: {integrity: sha512-7rKUyy33Q1yc98pQ1DAmLtwX109F7TIfWlW1Ydo8Wl1ii1SeHieeh0HHfPeL2fMXK6z0s8ecKs9frCuLJvndBg==}
    dependencies:
      punycode: 2.3.0
    dev: false

  /util-deprecate@1.0.2:
    resolution: {integrity: sha512-EPD5q1uXyFxJpCrLnCc1nHnq3gOa6DZBocAIiI2TaSCA7VCJ1UJDMagCzIkXNsUYfD1daK//LTEQ8xiIbrHtcw==}

  /wrappy@1.0.2:
    resolution: {integrity: sha512-l4Sp/DRseor9wL6EvV2+TuQn63dMkPjZ/sp9XkghTEbV9KlPS1xUsZ3u7/IQO4wxtcFB4bgpQPRcR3QCvezPcQ==}

  /xtend@4.0.2:
    resolution: {integrity: sha512-LKYU1iAXJXUgAXn9URjiu+MWhyUXHsvfp7mcuYm9dSUKK0/CjtrUwFAxD82/mCWbtLsGjFIad0wIsod4zrTAEQ==}
    engines: {node: '>=0.4'}
    dev: false

  /yallist@4.0.0:
    resolution: {integrity: sha512-3wdGidZyq5PB084XLES5TpOSRA3wjXAlIWMhum2kRcv/41Sn2emQ0dycQW4uZXLejwKvg6EsvbdlVL+FYEct7A==}
    dev: false

  /yocto-queue@0.1.0:
    resolution: {integrity: sha512-rVksvsnNCdJ/ohGc6xgPwyN8eheCxsiLM8mxuE/t/mOVqJewPuO1miLpTHQiRgTKCLexL4MeAFVagts7HmNZ2Q==}
    engines: {node: '>=10'}
    dev: false

  /zod@3.22.2:
    resolution: {integrity: sha512-wvWkphh5WQsJbVk1tbx1l1Ly4yg+XecD+Mq280uBGt9wa5BKSWf4Mhp6GmrkPixhMxmabYY7RbzlwVP32pbGCg==}
    dev: false
